
Microsoft Visual Studio Solution File, Format Version 12.00
# Visual Studio Version 16
VisualStudioVersion = 16.0.31321.278
MinimumVisualStudioVersion = 10.0.40219.1
Project("{9A19103F-16F7-4668-BE54-9A1E7A4F7556}") = "SuperMaxxii.TikTokCounter", "src\SuperMaxxii.TikTokCounter\SuperMaxxii.TikTokCounter.csproj", "{B2FF45A8-14BF-4230-85B8-846C1D9750DB}"
EndProject
Project("{2150E333-8FDC-42A3-9474-1A3956D46DE8}") = "Solution", "Solution", "{225D7AC4-8625-4035-91DE-CCCA896A9DA5}"
	ProjectSection(SolutionItems) = preProject
		README.MD = README.MD
	EndProjectSection
EndProject
Global
	GlobalSection(SolutionConfigurationPlatforms) = preSolution
		Debug|Any CPU = Debug|Any CPU
		Release|Any CPU = Release|Any CPU
	EndGlobalSection
	GlobalSection(ProjectConfigurationPlatforms) = postSolution
		{B2FF45A8-14BF-4230-85B8-846C1D9750DB}.Debug|Any CPU.ActiveCfg = Debug|Any CPU
		{B2FF45A8-14BF-4230-85B8-846C1D9750DB}.Debug|Any CPU.Build.0 = Debug|Any CPU
		{B2FF45A8-14BF-4230-85B8-846C1D9750DB}.Release|Any CPU.ActiveCfg = Release|Any CPU
		{B2FF45A8-14BF-4230-85B8-846C1D9750DB}.Release|Any CPU.Build.0 = Release|Any CPU
	EndGlobalSection
	GlobalSection(SolutionProperties) = preSolution
		HideSolutionNode = FALSE
	EndGlobalSection
	GlobalSection(ExtensibilityGlobals) = postSolution
		SolutionGuid = {98C0F0A7-50BE-440F-8ED8-45D1791F6FDD}
	EndGlobalSection
EndGlobal
